
Microsoft Visual Studio Solution File, Format Version 12.00
# Visual Studio Version 17
VisualStudioVersion = 17.6.33815.320
MinimumVisualStudioVersion = 10.0.40219.1
Project("{9A19103F-16F7-4668-BE54-9A1E7A4F7556}") = "SQLCoverX", "SQLCoverX\SQLCoverX.csproj", "{EDC16D98-8482-4D5E-9274-C45E91BFE8E8}"
EndProject
Global
	GlobalSection(SolutionConfigurationPlatforms) = preSolution
		Debug|Any CPU = Debug|Any CPU
		Release|Any CPU = Release|Any CPU
	EndGlobalSection
	GlobalSection(ProjectConfigurationPlatforms) = postSolution
		{EDC16D98-8482-4D5E-9274-C45E91BFE8E8}.Debug|Any CPU.ActiveCfg = Debug|Any CPU
		{EDC16D98-8482-4D5E-9274-C45E91BFE8E8}.Debug|Any CPU.Build.0 = Debug|Any CPU
		{EDC16D98-8482-4D5E-9274-C45E91BFE8E8}.Release|Any CPU.ActiveCfg = Release|Any CPU
		{EDC16D98-8482-4D5E-9274-C45E91BFE8E8}.Release|Any CPU.Build.0 = Release|Any CPU
	EndGlobalSection
	GlobalSection(SolutionProperties) = preSolution
		HideSolutionNode = FALSE
	EndGlobalSection
	GlobalSection(ExtensibilityGlobals) = postSolution
		SolutionGuid = {B0835B29-50EE-4BF0-94AF-3D34CC3D1C12}
	EndGlobalSection
EndGlobal
